
Microsoft Visual Studio Solution File, Format Version 12.00
# Visual Studio Version 16
VisualStudioVersion = 16.0.30011.22
MinimumVisualStudioVersion = 10.0.40219.1
Project("{9A19103F-16F7-4668-BE54-9A1E7A4F7556}") = "API.Windows", "API.Windows\API.Windows.csproj", "{7243FE8A-6C84-4EAD-9370-5018DD688AB9}"
EndProject
Project("{9A19103F-16F7-4668-BE54-9A1E7A4F7556}") = "API.Linux", "API.Linux\API.Linux.csproj", "{3F3991F9-3F44-4263-BB82-F9AF9D06EC41}"
EndProject
Project("{FAE04EC0-301F-11D3-BF4B-00C04F79EFBC}") = "ViaCEP", "ViaCEP\ViaCEP.csproj", "{F556A578-A8A7-4327-95DC-4C472F2003A1}"
EndProject
Global
	GlobalSection(SolutionConfigurationPlatforms) = preSolution
		Debug|Any CPU = Debug|Any CPU
		Release|Any CPU = Release|Any CPU
	EndGlobalSection
	GlobalSection(ProjectConfigurationPlatforms) = postSolution
		{7243FE8A-6C84-4EAD-9370-5018DD688AB9}.Debug|Any CPU.ActiveCfg = Debug|Any CPU
		{7243FE8A-6C84-4EAD-9370-5018DD688AB9}.Debug|Any CPU.Build.0 = Debug|Any CPU
		{7243FE8A-6C84-4EAD-9370-5018DD688AB9}.Release|Any CPU.ActiveCfg = Release|Any CPU
		{7243FE8A-6C84-4EAD-9370-5018DD688AB9}.Release|Any CPU.Build.0 = Release|Any CPU
		{3F3991F9-3F44-4263-BB82-F9AF9D06EC41}.Debug|Any CPU.ActiveCfg = Debug|Any CPU
		{3F3991F9-3F44-4263-BB82-F9AF9D06EC41}.Debug|Any CPU.Build.0 = Debug|Any CPU
		{3F3991F9-3F44-4263-BB82-F9AF9D06EC41}.Release|Any CPU.ActiveCfg = Release|Any CPU
		{3F3991F9-3F44-4263-BB82-F9AF9D06EC41}.Release|Any CPU.Build.0 = Release|Any CPU
		{F556A578-A8A7-4327-95DC-4C472F2003A1}.Debug|Any CPU.ActiveCfg = Debug|Any CPU
		{F556A578-A8A7-4327-95DC-4C472F2003A1}.Debug|Any CPU.Build.0 = Debug|Any CPU
		{F556A578-A8A7-4327-95DC-4C472F2003A1}.Release|Any CPU.ActiveCfg = Release|Any CPU
		{F556A578-A8A7-4327-95DC-4C472F2003A1}.Release|Any CPU.Build.0 = Release|Any CPU
	EndGlobalSection
	GlobalSection(SolutionProperties) = preSolution
		HideSolutionNode = FALSE
	EndGlobalSection
	GlobalSection(ExtensibilityGlobals) = postSolution
		SolutionGuid = {2729B238-752E-428A-9B43-CE3F3A7C6A37}
	EndGlobalSection
EndGlobal
